// !$*UTF8*$!
{
	archiveVersion = 1;
	classes = {
	};
	objectVersion = 56;
	objects = {

/* Begin PBXBuildFile section */
		C617EA2A28832B0C0053EE61 /* AppDelegate.swift in Sources */ = {isa = PBXBuildFile; fileRef = C617EA2928832B0C0053EE61 /* AppDelegate.swift */; };
		C617EA2C28832B0C0053EE61 /* SceneDelegate.swift in Sources */ = {isa = PBXBuildFile; fileRef = C617EA2B28832B0C0053EE61 /* SceneDelegate.swift */; };
		C617EA2E28832B0C0053EE61 /* EvenViewController.swift in Sources */ = {isa = PBXBuildFile; fileRef = C617EA2D28832B0C0053EE61 /* EvenViewController.swift */; };
		C617EA3328832B110053EE61 /* Assets.xcassets in Resources */ = {isa = PBXBuildFile; fileRef = C617EA3228832B110053EE61 /* Assets.xcassets */; };
		C617EA3628832B110053EE61 /* LaunchScreen.storyboard in Resources */ = {isa = PBXBuildFile; fileRef = C617EA3428832B110053EE61 /* LaunchScreen.storyboard */; };
		C617EA3E28832E6D0053EE61 /* APICaller.swift in Sources */ = {isa = PBXBuildFile; fileRef = C617EA3D28832E6D0053EE61 /* APICaller.swift */; };
		C6A43FD628849FB50022523D /* CustomCell.swift in Sources */ = {isa = PBXBuildFile; fileRef = C6A43FD528849FB50022523D /* CustomCell.swift */; };
		C6A43FD82885536E0022523D /* FibonacciViewController.swift in Sources */ = {isa = PBXBuildFile; fileRef = C6A43FD72885536E0022523D /* FibonacciViewController.swift */; };
/* End PBXBuildFile section */

/* Begin PBXFileReference section */
		C617EA2628832B0C0053EE61 /* Infinite Scroll.app */ = {isa = PBXFileReference; explicitFileType = wrapper.application; includeInIndex = 0; path = "Infinite Scroll.app"; sourceTree = BUILT_PRODUCTS_DIR; };
		C617EA2928832B0C0053EE61 /* AppDelegate.swift */ = {isa = PBXFileReference; lastKnownFileType = sourcecode.swift; path = AppDelegate.swift; sourceTree = "<group>"; };
		C617EA2B28832B0C0053EE61 /* SceneDelegate.swift */ = {isa = PBXFileReference; lastKnownFileType = sourcecode.swift; path = SceneDelegate.swift; sourceTree = "<group>"; };
		C617EA2D28832B0C0053EE61 /* EvenViewController.swift */ = {isa = PBXFileReference; lastKnownFileType = sourcecode.swift; path = EvenViewController.swift; sourceTree = "<group>"; };
		C617EA3228832B110053EE61 /* Assets.xcassets */ = {isa = PBXFileReference; lastKnownFileType = folder.assetcatalog; path = Assets.xcassets; sourceTree = "<group>"; };
		C617EA3528832B110053EE61 /* Base */ = {isa = PBXFileReference; lastKnownFileType = file.storyboard; name = Base; path = Base.lproj/LaunchScreen.storyboard; sourceTree = "<group>"; };
		C617EA3728832B110053EE61 /* Info.plist */ = {isa = PBXFileReference; lastKnownFileType = text.plist.xml; path = Info.plist; sourceTree = "<group>"; };
		C617EA3D28832E6D0053EE61 /* APICaller.swift */ = {isa = PBXFileReference; lastKnownFileType = sourcecode.swift; path = APICaller.swift; sourceTree = "<group>"; };
		C6A43FD528849FB50022523D /* CustomCell.swift */ = {isa = PBXFileReference; lastKnownFileType = sourcecode.swift; path = CustomCell.swift; sourceTree = "<group>"; };
		C6A43FD72885536E0022523D /* FibonacciViewController.swift */ = {isa = PBXFileReference; lastKnownFileType = sourcecode.swift; path = FibonacciViewController.swift; sourceTree = "<group>"; };
/* End PBXFileReference section */

/* Begin PBXFrameworksBuildPhase section */
		C617EA2328832B0B0053EE61 /* Frameworks */ = {
			isa = PBXFrameworksBuildPhase;
			buildActionMask = 2147483647;
			files = (
			);
			runOnlyForDeploymentPostprocessing = 0;
		};
/* End PBXFrameworksBuildPhase section */

/* Begin PBXGroup section */
		C617EA1D28832B0B0053EE61 = {
			isa = PBXGroup;
			children = (
				C617EA2828832B0C0053EE61 /* Infinite Scroll */,
				C617EA2728832B0C0053EE61 /* Products */,
			);
			sourceTree = "<group>";
		};
		C617EA2728832B0C0053EE61 /* Products */ = {
			isa = PBXGroup;
			children = (
				C617EA2628832B0C0053EE61 /* Infinite Scroll.app */,
			);
			name = Products;
			sourceTree = "<group>";
		};
		C617EA2828832B0C0053EE61 /* Infinite Scroll */ = {
			isa = PBXGroup;
			children = (
				C617EA2928832B0C0053EE61 /* AppDelegate.swift */,
				C617EA2B28832B0C0053EE61 /* SceneDelegate.swift */,
				C617EA2D28832B0C0053EE61 /* EvenViewController.swift */,
				C6A43FD72885536E0022523D /* FibonacciViewController.swift */,
				C6A43FD528849FB50022523D /* CustomCell.swift */,
				C617EA3D28832E6D0053EE61 /* APICaller.swift */,
				C617EA3228832B110053EE61 /* Assets.xcassets */,
				C617EA3428832B110053EE61 /* LaunchScreen.storyboard */,
				C617EA3728832B110053EE61 /* Info.plist */,
			);
			path = "Infinite Scroll";
			sourceTree = "<group>";
		};
/* End PBXGroup section */

/* Begin PBXNativeTarget section */
		C617EA2528832B0B0053EE61 /* Infinite Scroll */ = {
			isa = PBXNativeTarget;
			buildConfigurationList = C617EA3A28832B110053EE61 /* Build configuration list for PBXNativeTarget "Infinite Scroll" */;
			buildPhases = (
				C617EA2228832B0B0053EE61 /* Sources */,
				C617EA2328832B0B0053EE61 /* Frameworks */,
				C617EA2428832B0B0053EE61 /* Resources */,
			);
			buildRules = (
			);
			dependencies = (
			);
			name = "Infinite Scroll";
			productName = "Infinite Scroll";
			productReference = C617EA2628832B0C0053EE61 /* Infinite Scroll.app */;
			productType = "com.apple.product-type.application";
		};
/* End PBXNativeTarget section */

/* Begin PBXProject section */
		C617EA1E28832B0B0053EE61 /* Project object */ = {
			isa = PBXProject;
			attributes = {
				BuildIndependentTargetsInParallel = 1;
				LastSwiftUpdateCheck = 1400;
				LastUpgradeCheck = 1400;
				TargetAttributes = {
					C617EA2528832B0B0053EE61 = {
						CreatedOnToolsVersion = 14.0;
					};
				};
			};
			buildConfigurationList = C617EA2128832B0B0053EE61 /* Build configuration list for PBXProject "Infinite Scroll" */;
			compatibilityVersion = "Xcode 14.0";
			developmentRegion = en;
			hasScannedForEncodings = 0;
			knownRegions = (
				en,
				Base,
			);
			mainGroup = C617EA1D28832B0B0053EE61;
			productRefGroup = C617EA2728832B0C0053EE61 /* Products */;
			projectDirPath = "";
			projectRoot = "";
			targets = (
				C617EA2528832B0B0053EE61 /* Infinite Scroll */,
			);
		};
/* End PBXProject section */

/* Begin PBXResourcesBuildPhase section */
		C617EA2428832B0B0053EE61 /* Resources */ = {
			isa = PBXResourcesBuildPhase;
			buildActionMask = 2147483647;
			files = (
				C617EA3628832B110053EE61 /* LaunchScreen.storyboard in Resources */,
				C617EA3328832B110053EE61 /* Assets.xcassets in Resources */,
			);
			runOnlyForDeploymentPostprocessing = 0;
		};
/* End PBXResourcesBuildPhase section */

/* Begin PBXSourcesBuildPhase section */
		C617EA2228832B0B0053EE61 /* Sources */ = {
			isa = PBXSourcesBuildPhase;
			buildActionMask = 2147483647;
			files = (
				C617EA2E28832B0C0053EE61 /* EvenViewController.swift in Sources */,
				C617EA2A28832B0C0053EE61 /* AppDelegate.swift in Sources */,
				C6A43FD628849FB50022523D /* CustomCell.swift in Sources */,
				C617EA2C28832B0C0053EE61 /* SceneDelegate.swift in Sources */,
				C617EA3E28832E6D0053EE61 /* APICaller.swift in Sources */,
				C6A43FD82885536E0022523D /* FibonacciViewController.swift in Sources */,
			);
			runOnlyForDeploymentPostprocessing = 0;
		};
/* End PBXSourcesBuildPhase section */

/* Begin PBXVariantGroup section */
		C617EA3428832B110053EE61 /* LaunchScreen.storyboard */ = {
			isa = PBXVariantGroup;
			children = (
				C617EA3528832B110053EE61 /* Base */,
			);
			name = LaunchScreen.storyboard;
			sourceTree = "<group>";
		};
/* End PBXVariantGroup section */

/* Begin XCBuildConfiguration section */
		C617EA3828832B110053EE61 /* Debug */ = {
			isa = XCBuildConfiguration;
			buildSettings = {
				ALWAYS_SEARCH_USER_PATHS = NO;
				CLANG_ANALYZER_NONNULL = YES;
				CLANG_ANALYZER_NUMBER_OBJECT_CONVERSION = YES_AGGRESSIVE;
				CLANG_CXX_LANGUAGE_STANDARD = "gnu++17";
				CLANG_ENABLE_MODULES = YES;
				CLANG_ENABLE_OBJC_ARC = YES;
				CLANG_ENABLE_OBJC_WEAK = YES;
				CLANG_WARN_BLOCK_CAPTURE_AUTORELEASING = YES;
				CLANG_WARN_BOOL_CONVERSION = YES;
				CLANG_WARN_COMMA = YES;
				CLANG_WARN_CONSTANT_CONVERSION = YES;
				CLANG_WARN_DEPRECATED_OBJC_IMPLEMENTATIONS = YES;
				CLANG_WARN_DIRECT_OBJC_ISA_USAGE = YES_ERROR;
				CLANG_WARN_DOCUMENTATION_COMMENTS = YES;
				CLANG_WARN_EMPTY_BODY = YES;
				CLANG_WARN_ENUM_CONVERSION = YES;
				CLANG_WARN_INFINITE_RECURSION = YES;
				CLANG_WARN_INT_CONVERSION = YES;
				CLANG_WARN_NON_LITERAL_NULL_CONVERSION = YES;
				CLANG_WARN_OBJC_IMPLICIT_RETAIN_SELF = YES;
				CLANG_WARN_OBJC_LITERAL_CONVERSION = YES;
				CLANG_WARN_OBJC_ROOT_CLASS = YES_ERROR;
				CLANG_WARN_QUOTED_INCLUDE_IN_FRAMEWORK_HEADER = YES;
				CLANG_WARN_RANGE_LOOP_ANALYSIS = YES;
				CLANG_WARN_STRICT_PROTOTYPES = YES;
				CLANG_WARN_SUSPICIOUS_MOVE = YES;
				CLANG_WARN_UNGUARDED_AVAILABILITY = YES_AGGRESSIVE;
				CLANG_WARN_UNREACHABLE_CODE = YES;
				CLANG_WARN__DUPLICATE_METHOD_MATCH = YES;
				COPY_PHASE_STRIP = NO;
				DEBUG_INFORMATION_FORMAT = dwarf;
				ENABLE_STRICT_OBJC_MSGSEND = YES;
				ENABLE_TESTABILITY = YES;
				GCC_C_LANGUAGE_STANDARD = gnu11;
				GCC_DYNAMIC_NO_PIC = NO;
				GCC_NO_COMMON_BLOCKS = YES;
				GCC_OPTIMIZATION_LEVEL = 0;
				GCC_PREPROCESSOR_DEFINITIONS = (
					"DEBUG=1",
					"$(inherited)",
				);
				GCC_WARN_64_TO_32_BIT_CONVERSION = YES;
				GCC_WARN_ABOUT_RETURN_TYPE = YES_ERROR;
				GCC_WARN_UNDECLARED_SELECTOR = YES;
				GCC_WARN_UNINITIALIZED_AUTOS = YES_AGGRESSIVE;
				GCC_WARN_UNUSED_FUNCTION = YES;
				GCC_WARN_UNUSED_VARIABLE = YES;
				IPHONEOS_DEPLOYMENT_TARGET = 16.0;
				MTL_ENABLE_DEBUG_INFO = INCLUDE_SOURCE;
				MTL_FAST_MATH = YES;
				ONLY_ACTIVE_ARCH = YES;
				SDKROOT = iphoneos;
				SWIFT_ACTIVE_COMPILATION_CONDITIONS = DEBUG;
				SWIFT_OPTIMIZATION_LEVEL = "-Onone";
			};
			name = Debug;
		};
		C617EA3928832B110053EE61 /* Release */ = {
			isa = XCBuildConfiguration;
			buildSettings = {
				ALWAYS_SEARCH_USER_PATHS = NO;
				CLANG_ANALYZER_NONNULL = YES;
				CLANG_ANALYZER_NUMBER_OBJECT_CONVERSION = YES_AGGRESSIVE;
				CLANG_CXX_LANGUAGE_STANDARD = "gnu++17";
				CLANG_ENABLE_MODULES = YES;
				CLANG_ENABLE_OBJC_ARC = YES;
				CLANG_ENABLE_OBJC_WEAK = YES;
				CLANG_WARN_BLOCK_CAPTURE_AUTORELEASING = YES;
				CLANG_WARN_BOOL_CONVERSION = YES;
				CLANG_WARN_COMMA = YES;
				CLANG_WARN_CONSTANT_CONVERSION = YES;
				CLANG_WARN_DEPRECATED_OBJC_IMPLEMENTATIONS = YES;
				CLANG_WARN_DIRECT_OBJC_ISA_USAGE = YES_ERROR;
				CLANG_WARN_DOCUMENTATION_COMMENTS = YES;
				CLANG_WARN_EMPTY_BODY = YES;
				CLANG_WARN_ENUM_CONVERSION = YES;
				CLANG_WARN_INFINITE_RECURSION = YES;
				CLANG_WARN_INT_CONVERSION = YES;
				CLANG_WARN_NON_LITERAL_NULL_CONVERSION = YES;
				CLANG_WARN_OBJC_IMPLICIT_RETAIN_SELF = YES;
				CLANG_WARN_OBJC_LITERAL_CONVERSION = YES;
				CLANG_WARN_OBJC_ROOT_CLASS = YES_ERROR;
				CLANG_WARN_QUOTED_INCLUDE_IN_FRAMEWORK_HEADER = YES;
				CLANG_WARN_RANGE_LOOP_ANALYSIS = YES;
				CLANG_WARN_STRICT_PROTOTYPES = YES;
				CLANG_WARN_SUSPICIOUS_MOVE = YES;
				CLANG_WARN_UNGUARDED_AVAILABILITY = YES_AGGRESSIVE;
				CLANG_WARN_UNREACHABLE_CODE = YES;
				CLANG_WARN__DUPLICATE_METHOD_MATCH = YES;
				COPY_PHASE_STRIP = NO;
				DEBUG_INFORMATION_FORMAT = "dwarf-with-dsym";
				ENABLE_NS_ASSERTIONS = NO;
				ENABLE_STRICT_OBJC_MSGSEND = YES;
				GCC_C_LANGUAGE_STANDARD = gnu11;
				GCC_NO_COMMON_BLOCKS = YES;
				GCC_WARN_64_TO_32_BIT_CONVERSION = YES;
				GCC_WARN_ABOUT_RETURN_TYPE = YES_ERROR;
				GCC_WARN_UNDECLARED_SELECTOR = YES;
				GCC_WARN_UNINITIALIZED_AUTOS = YES_AGGRESSIVE;
				GCC_WARN_UNUSED_FUNCTION = YES;
				GCC_WARN_UNUSED_VARIABLE = YES;
				IPHONEOS_DEPLOYMENT_TARGET = 16.0;
				MTL_ENABLE_DEBUG_INFO = NO;
				MTL_FAST_MATH = YES;
				SDKROOT = iphoneos;
				SWIFT_COMPILATION_MODE = wholemodule;
				SWIFT_OPTIMIZATION_LEVEL = "-O";
				VALIDATE_PRODUCT = YES;
			};
			name = Release;
		};
		C617EA3B28832B110053EE61 /* Debug */ = {
			isa = XCBuildConfiguration;
			buildSettings = {
				ASSETCATALOG_COMPILER_APPICON_NAME = AppIcon;
				ASSETCATALOG_COMPILER_GLOBAL_ACCENT_COLOR_NAME = AccentColor;
				CODE_SIGN_STYLE = Automatic;
				CURRENT_PROJECT_VERSION = 1;
				DEVELOPMENT_TEAM = 34VCU6GX65;
				GENERATE_INFOPLIST_FILE = YES;
				INFOPLIST_FILE = "Infinite Scroll/Info.plist";
				INFOPLIST_KEY_UIApplicationSupportsIndirectInputEvents = YES;
				INFOPLIST_KEY_UILaunchStoryboardName = LaunchScreen;
				INFOPLIST_KEY_UIMainStoryboardFile = "";
				INFOPLIST_KEY_UISupportedInterfaceOrientations_iPad = "UIInterfaceOrientationPortrait UIInterfaceOrientationPortraitUpsideDown UIInterfaceOrientationLandscapeLeft UIInterfaceOrientationLandscapeRight";
				INFOPLIST_KEY_UISupportedInterfaceOrientations_iPhone = "UIInterfaceOrientationPortrait UIInterfaceOrientationLandscapeLeft UIInterfaceOrientationLandscapeRight";
				LD_RUNPATH_SEARCH_PATHS = (
					"$(inherited)",
					"@executable_path/Frameworks",
				);
				MARKETING_VERSION = 1.0;
				PRODUCT_BUNDLE_IDENTIFIER = "com.miklKonovalov.Infinite-Scroll";
				PRODUCT_NAME = "$(TARGET_NAME)";
				SWIFT_EMIT_LOC_STRINGS = YES;
				SWIFT_VERSION = 5.0;
				TARGETED_DEVICE_FAMILY = "1,2";
			};
			name = Debug;
		};
		C617EA3C28832B110053EE61 /* Release */ = {
			isa = XCBuildConfiguration;
			buildSettings = {
				ASSETCATALOG_COMPILER_APPICON_NAME = AppIcon;
				ASSETCATALOG_COMPILER_GLOBAL_ACCENT_COLOR_NAME = AccentColor;
				CODE_SIGN_STYLE = Automatic;
				CURRENT_PROJECT_VERSION = 1;
				DEVELOPMENT_TEAM = 34VCU6GX65;
				GENERATE_INFOPLIST_FILE = YES;
				INFOPLIST_FILE = "Infinite Scroll/Info.plist";
				INFOPLIST_KEY_UIApplicationSupportsIndirectInputEvents = YES;
				INFOPLIST_KEY_UILaunchStoryboardName = LaunchScreen;
				INFOPLIST_KEY_UIMainStoryboardFile = "";
				INFOPLIST_KEY_UISupportedInterfaceOrientations_iPad = "UIInterfaceOrientationPortrait UIInterfaceOrientationPortraitUpsideDown UIInterfaceOrientationLandscapeLeft UIInterfaceOrientationLandscapeRight";
				INFOPLIST_KEY_UISupportedInterfaceOrientations_iPhone = "UIInterfaceOrientationPortrait UIInterfaceOrientationLandscapeLeft UIInterfaceOrientationLandscapeRight";
				LD_RUNPATH_SEARCH_PATHS = (
					"$(inherited)",
					"@executable_path/Frameworks",
				);
				MARKETING_VERSION = 1.0;
				PRODUCT_BUNDLE_IDENTIFIER = "com.miklKonovalov.Infinite-Scroll";
				PRODUCT_NAME = "$(TARGET_NAME)";
				SWIFT_EMIT_LOC_STRINGS = YES;
				SWIFT_VERSION = 5.0;
				TARGETED_DEVICE_FAMILY = "1,2";
			};
			name = Release;
		};
/* End XCBuildConfiguration section */

/* Begin XCConfigurationList section */
		C617EA2128832B0B0053EE61 /* Build configuration list for PBXProject "Infinite Scroll" */ = {
			isa = XCConfigurationList;
			buildConfigurations = (
				C617EA3828832B110053EE61 /* Debug */,
				C617EA3928832B110053EE61 /* Release */,
			);
			defaultConfigurationIsVisible = 0;
			defaultConfigurationName = Release;
		};
		C617EA3A28832B110053EE61 /* Build configuration list for PBXNativeTarget "Infinite Scroll" */ = {
			isa = XCConfigurationList;
			buildConfigurations = (
				C617EA3B28832B110053EE61 /* Debug */,
				C617EA3C28832B110053EE61 /* Release */,
			);
			defaultConfigurationIsVisible = 0;
			defaultConfigurationName = Release;
		};
/* End XCConfigurationList section */
	};
	rootObject = C617EA1E28832B0B0053EE61 /* Project object */;
}
